lockfileVersion: '9.0'

settings:
  autoInstallPeers: true
  excludeLinksFromLockfile: false

importers:

  .:
    dependencies:
      '@tanstack/react-query':
        specifier: ^5.66.0
        version: 5.66.0(react@19.0.0)

packages:

  '@tanstack/query-core@5.66.0':
    resolution: {integrity: sha512-J+JeBtthiKxrpzUu7rfIPDzhscXF2p5zE/hVdrqkACBP8Yu0M96mwJ5m/8cPPYQE9aRNvXztXHlNwIh4FEeMZw==}

  '@tanstack/react-query@5.66.0':
    resolution: {integrity: sha512-z3sYixFQJe8hndFnXgWu7C79ctL+pI0KAelYyW+khaNJ1m22lWrhJU2QrsTcRKMuVPtoZvfBYrTStIdKo+x0Xw==}
    peerDependencies:
      react: ^18 || ^19

  react@19.0.0:
    resolution: {integrity: sha512-V8AVnmPIICiWpGfm6GLzCR/W5FXLchHop40W4nXBmdlEceh16rCN8O8LNWm5bh5XUX91fh7KpA+W0TgMKmgTpQ==}
    engines: {node: '>=0.10.0'}

snapshots:

  '@tanstack/query-core@5.66.0': {}

  '@tanstack/react-query@5.66.0(react@19.0.0)':
    dependencies:
      '@tanstack/query-core': 5.66.0
      react: 19.0.0

  react@19.0.0: {}
